// !$*UTF8*$!
{
	archiveVersion = 1;
	classes = {
	};
	objectVersion = 51;
	objects = {

/* Begin PBXBuildFile section */
		8AED24477B86BD67F0C319B0 /* Pods_LTADva.framework in Frameworks */ = {isa = PBXBuildFile; fileRef = 7EED5DD37BC828814DE84C12 /* Pods_LTADva.framework */; };
		8D6961AD22D871C900A39E8E /* AppDelegate.swift in Sources */ = {isa = PBXBuildFile; fileRef = 8D6961AC22D871C900A39E8E /* AppDelegate.swift */; };
		8D6961AF22D871C900A39E8E /* MainViewController.swift in Sources */ = {isa = PBXBuildFile; fileRef = 8D6961AE22D871C900A39E8E /* MainViewController.swift */; };
		8D6961B222D871C900A39E8E /* Main.storyboard in Resources */ = {isa = PBXBuildFile; fileRef = 8D6961B022D871C900A39E8E /* Main.storyboard */; };
		8D6961B422D871CA00A39E8E /* Assets.xcassets in Resources */ = {isa = PBXBuildFile; fileRef = 8D6961B322D871CA00A39E8E /* Assets.xcassets */; };
		8D6961B722D871CA00A39E8E /* LaunchScreen.storyboard in Resources */ = {isa = PBXBuildFile; fileRef = 8D6961B522D871CA00A39E8E /* LaunchScreen.storyboard */; };
		8D6961CB22D87F1600A39E8E /* RegisterViewController.swift in Sources */ = {isa = PBXBuildFile; fileRef = 8D6961CA22D87F1600A39E8E /* RegisterViewController.swift */; };
		8D6961CD22D87F3A00A39E8E /* Auth.storyboard in Resources */ = {isa = PBXBuildFile; fileRef = 8D6961CC22D87F3A00A39E8E /* Auth.storyboard */; };
		8D6961D222D8A7DC00A39E8E /* StoryboardScenes.swift in Sources */ = {isa = PBXBuildFile; fileRef = 8D6961D122D8A7DC00A39E8E /* StoryboardScenes.swift */; };
/* End PBXBuildFile section */

/* Begin PBXFileReference section */
		5364B00FF81726C575FB0C47 /* Pods-LTADva.debug.xcconfig */ = {isa = PBXFileReference; includeInIndex = 1; lastKnownFileType = text.xcconfig; name = "Pods-LTADva.debug.xcconfig"; path = "Target Support Files/Pods-LTADva/Pods-LTADva.debug.xcconfig"; sourceTree = "<group>"; };
		59914B8B3BB298823D80A9F3 /* Pods-LTADva.release.xcconfig */ = {isa = PBXFileReference; includeInIndex = 1; lastKnownFileType = text.xcconfig; name = "Pods-LTADva.release.xcconfig"; path = "Target Support Files/Pods-LTADva/Pods-LTADva.release.xcconfig"; sourceTree = "<group>"; };
		7EED5DD37BC828814DE84C12 /* Pods_LTADva.framework */ = {isa = PBXFileReference; explicitFileType = wrapper.framework; includeInIndex = 0; path = Pods_LTADva.framework; sourceTree = BUILT_PRODUCTS_DIR; };
		8D6961A922D871C900A39E8E /* LTADva.app */ = {isa = PBXFileReference; explicitFileType = wrapper.application; includeInIndex = 0; path = LTADva.app; sourceTree = BUILT_PRODUCTS_DIR; };
		8D6961AC22D871C900A39E8E /* AppDelegate.swift */ = {isa = PBXFileReference; lastKnownFileType = sourcecode.swift; path = AppDelegate.swift; sourceTree = "<group>"; };
		8D6961AE22D871C900A39E8E /* MainViewController.swift */ = {isa = PBXFileReference; lastKnownFileType = sourcecode.swift; path = MainViewController.swift; sourceTree = "<group>"; };
		8D6961B122D871C900A39E8E /* Base */ = {isa = PBXFileReference; lastKnownFileType = file.storyboard; name = Base; path = Base.lproj/Main.storyboard; sourceTree = "<group>"; };
		8D6961B322D871CA00A39E8E /* Assets.xcassets */ = {isa = PBXFileReference; lastKnownFileType = folder.assetcatalog; path = Assets.xcassets; sourceTree = "<group>"; };
		8D6961B622D871CA00A39E8E /* Base */ = {isa = PBXFileReference; lastKnownFileType = file.storyboard; name = Base; path = Base.lproj/LaunchScreen.storyboard; sourceTree = "<group>"; };
		8D6961B822D871CA00A39E8E /* Info.plist */ = {isa = PBXFileReference; lastKnownFileType = text.plist.xml; path = Info.plist; sourceTree = "<group>"; };
		8D6961CA22D87F1600A39E8E /* RegisterViewController.swift */ = {isa = PBXFileReference; lastKnownFileType = sourcecode.swift; path = RegisterViewController.swift; sourceTree = "<group>"; };
		8D6961CC22D87F3A00A39E8E /* Auth.storyboard */ = {isa = PBXFileReference; lastKnownFileType = file.storyboard; path = Auth.storyboard; sourceTree = "<group>"; };
		8D6961D122D8A7DC00A39E8E /* StoryboardScenes.swift */ = {isa = PBXFileReference; lastKnownFileType = sourcecode.swift; name = StoryboardScenes.swift; path = LTADva/Storyboards/StoryboardScenes.swift; sourceTree = SOURCE_ROOT; };
/* End PBXFileReference section */

/* Begin PBXFrameworksBuildPhase section */
		8D6961A622D871C900A39E8E /* Frameworks */ = {
			isa = PBXFrameworksBuildPhase;
			buildActionMask = 2147483647;
			files = (
				8AED24477B86BD67F0C319B0 /* Pods_LTADva.framework in Frameworks */,
			);
			runOnlyForDeploymentPostprocessing = 0;
		};
/* End PBXFrameworksBuildPhase section */

/* Begin PBXGroup section */
		2926FF8AE380F1B3E289DAF1 /* Pods */ = {
			isa = PBXGroup;
			children = (
				5364B00FF81726C575FB0C47 /* Pods-LTADva.debug.xcconfig */,
				59914B8B3BB298823D80A9F3 /* Pods-LTADva.release.xcconfig */,
			);
			path = Pods;
			sourceTree = "<group>";
		};
		2A1F5A6DCF742AC5F8B3195C /* Frameworks */ = {
			isa = PBXGroup;
			children = (
				7EED5DD37BC828814DE84C12 /* Pods_LTADva.framework */,
			);
			name = Frameworks;
			sourceTree = "<group>";
		};
		8D6961A022D871C900A39E8E = {
			isa = PBXGroup;
			children = (
				8D6961AB22D871C900A39E8E /* LTADva */,
				8D6961AA22D871C900A39E8E /* Products */,
				2926FF8AE380F1B3E289DAF1 /* Pods */,
				2A1F5A6DCF742AC5F8B3195C /* Frameworks */,
			);
			sourceTree = "<group>";
		};
		8D6961AA22D871C900A39E8E /* Products */ = {
			isa = PBXGroup;
			children = (
				8D6961A922D871C900A39E8E /* LTADva.app */,
			);
			name = Products;
			sourceTree = "<group>";
		};
		8D6961AB22D871C900A39E8E /* LTADva */ = {
			isa = PBXGroup;
			children = (
				8D6961CF22D8A7A900A39E8E /* Config */,
				8D6961BF22D8727600A39E8E /* AppDelegate */,
				8D6961C022D8728E00A39E8E /* Assets */,
				8D6961C522D872C600A39E8E /* Api */,
				8D6961C222D872AA00A39E8E /* Mapper */,
				8D6961C422D872BB00A39E8E /* Extensions */,
				8D6961BE22D8726800A39E8E /* Storyboards */,
				8D6961C622D872D200A39E8E /* Models */,
				8D6961C122D8729700A39E8E /* ViewControllers */,
			);
			path = LTADva;
			sourceTree = "<group>";
		};
		8D6961BE22D8726800A39E8E /* Storyboards */ = {
			isa = PBXGroup;
			children = (
				8D6961B522D871CA00A39E8E /* LaunchScreen.storyboard */,
				8D6961B022D871C900A39E8E /* Main.storyboard */,
				8D6961CC22D87F3A00A39E8E /* Auth.storyboard */,
			);
			path = Storyboards;
			sourceTree = "<group>";
		};
		8D6961BF22D8727600A39E8E /* AppDelegate */ = {
			isa = PBXGroup;
			children = (
				8D6961AC22D871C900A39E8E /* AppDelegate.swift */,
			);
			path = AppDelegate;
			sourceTree = "<group>";
		};
		8D6961C022D8728E00A39E8E /* Assets */ = {
			isa = PBXGroup;
			children = (
				8D6961B322D871CA00A39E8E /* Assets.xcassets */,
				8D6961B822D871CA00A39E8E /* Info.plist */,
			);
			path = Assets;
			sourceTree = "<group>";
		};
		8D6961C122D8729700A39E8E /* ViewControllers */ = {
			isa = PBXGroup;
			children = (
				8D6961AE22D871C900A39E8E /* MainViewController.swift */,
				8D6961CA22D87F1600A39E8E /* RegisterViewController.swift */,
			);
			path = ViewControllers;
			sourceTree = "<group>";
		};
		8D6961C222D872AA00A39E8E /* Mapper */ = {
			isa = PBXGroup;
			children = (
			);
			path = Mapper;
			sourceTree = "<group>";
		};
		8D6961C422D872BB00A39E8E /* Extensions */ = {
			isa = PBXGroup;
			children = (
			);
			path = Extensions;
			sourceTree = "<group>";
		};
		8D6961C522D872C600A39E8E /* Api */ = {
			isa = PBXGroup;
			children = (
			);
			path = Api;
			sourceTree = "<group>";
		};
		8D6961C622D872D200A39E8E /* Models */ = {
			isa = PBXGroup;
			children = (
			);
			path = Models;
			sourceTree = "<group>";
		};
		8D6961CF22D8A7A900A39E8E /* Config */ = {
			isa = PBXGroup;
			children = (
				8D6961D022D8A7B900A39E8E /* Swiftgen */,
			);
			path = Config;
			sourceTree = "<group>";
		};
		8D6961D022D8A7B900A39E8E /* Swiftgen */ = {
			isa = PBXGroup;
			children = (
				8D6961D122D8A7DC00A39E8E /* StoryboardScenes.swift */,
			);
			path = Swiftgen;
			sourceTree = "<group>";
		};
/* End PBXGroup section */

/* Begin PBXNativeTarget section */
		8D6961A822D871C900A39E8E /* LTADva */ = {
			isa = PBXNativeTarget;
			buildConfigurationList = 8D6961BB22D871CA00A39E8E /* Build configuration list for PBXNativeTarget "LTADva" */;
			buildPhases = (
				25A7C0ACE66CF5C929663A2B /* [CP] Check Pods Manifest.lock */,
				8D6961A522D871C900A39E8E /* Sources */,
				8D6961A622D871C900A39E8E /* Frameworks */,
				8D6961A722D871C900A39E8E /* Resources */,
				BD14A40029A66A24B5B954BF /* [CP] Embed Pods Frameworks */,
				8D6961CE22D87F6100A39E8E /* Swiftgen */,
			);
			buildRules = (
			);
			dependencies = (
			);
			name = LTADva;
			productName = LTADva;
			productReference = 8D6961A922D871C900A39E8E /* LTADva.app */;
			productType = "com.apple.product-type.application";
		};
/* End PBXNativeTarget section */

/* Begin PBXProject section */
		8D6961A122D871C900A39E8E /* Project object */ = {
			isa = PBXProject;
			attributes = {
				LastSwiftUpdateCheck = 1020;
				LastUpgradeCheck = 1020;
				ORGANIZATIONNAME = "Branislav Manojlovic";
				TargetAttributes = {
					8D6961A822D871C900A39E8E = {
						CreatedOnToolsVersion = 10.2;
					};
				};
			};
			buildConfigurationList = 8D6961A422D871C900A39E8E /* Build configuration list for PBXProject "LTADva" */;
			compatibilityVersion = "Xcode 9.3";
			developmentRegion = en;
			hasScannedForEncodings = 0;
			knownRegions = (
				en,
				Base,
			);
			mainGroup = 8D6961A022D871C900A39E8E;
			productRefGroup = 8D6961AA22D871C900A39E8E /* Products */;
			projectDirPath = "";
			projectRoot = "";
			targets = (
				8D6961A822D871C900A39E8E /* LTADva */,
			);
		};
/* End PBXProject section */

/* Begin PBXResourcesBuildPhase section */
		8D6961A722D871C900A39E8E /* Resources */ = {
			isa = PBXResourcesBuildPhase;
			buildActionMask = 2147483647;
			files = (
				8D6961CD22D87F3A00A39E8E /* Auth.storyboard in Resources */,
				8D6961B722D871CA00A39E8E /* LaunchScreen.storyboard in Resources */,
				8D6961B422D871CA00A39E8E /* Assets.xcassets in Resources */,
				8D6961B222D871C900A39E8E /* Main.storyboard in Resources */,
			);
			runOnlyForDeploymentPostprocessing = 0;
		};
/* End PBXResourcesBuildPhase section */

/* Begin PBXShellScriptBuildPhase section */
		25A7C0ACE66CF5C929663A2B /* [CP] Check Pods Manifest.lock */ = {
			isa = PBXShellScriptBuildPhase;
			buildActionMask = 2147483647;
			files = (
			);
			inputFileListPaths = (
			);
			inputPaths = (
				"${PODS_PODFILE_DIR_PATH}/Podfile.lock",
				"${PODS_ROOT}/Manifest.lock",
			);
			name = "[CP] Check Pods Manifest.lock";
			outputFileListPaths = (
			);
			outputPaths = (
				"$(DERIVED_FILE_DIR)/Pods-LTADva-checkManifestLockResult.txt",
			);
			runOnlyForDeploymentPostprocessing = 0;
			shellPath = /bin/sh;
			shellScript = "diff \"${PODS_PODFILE_DIR_PATH}/Podfile.lock\" \"${PODS_ROOT}/Manifest.lock\" > /dev/null\nif [ $? != 0 ] ; then\n    # print error to STDERR\n    echo \"error: The sandbox is not in sync with the Podfile.lock. Run 'pod install' or update your CocoaPods installation.\" >&2\n    exit 1\nfi\n# This output is used by Xcode 'outputs' to avoid re-running this script phase.\necho \"SUCCESS\" > \"${SCRIPT_OUTPUT_FILE_0}\"\n";
			showEnvVarsInLog = 0;
		};
		8D6961CE22D87F6100A39E8E /* Swiftgen */ = {
			isa = PBXShellScriptBuildPhase;
			buildActionMask = 2147483647;
			files = (
			);
			inputFileListPaths = (
			);
			inputPaths = (
			);
			name = Swiftgen;
			outputFileListPaths = (
			);
			outputPaths = (
			);
			runOnlyForDeploymentPostprocessing = 0;
			shellPath = /bin/sh;
			shellScript = "if which $PODS_ROOT/SwiftGen/bin/swiftgen >/dev/null; then\n$PODS_ROOT/SwiftGen/bin/swiftgen config run --config swiftgen-ltadva.yml\nelse\necho \"warning: SwiftGen not installed, download it from https://github.com/AliSoftware/SwiftGen\"\nfi\n";
		};
		BD14A40029A66A24B5B954BF /* [CP] Embed Pods Frameworks */ = {
			isa = PBXShellScriptBuildPhase;
			buildActionMask = 2147483647;
			files = (
			);
			inputFileListPaths = (
				"${PODS_ROOT}/Target Support Files/Pods-LTADva/Pods-LTADva-frameworks-${CONFIGURATION}-input-files.xcfilelist",
			);
			name = "[CP] Embed Pods Frameworks";
			outputFileListPaths = (
				"${PODS_ROOT}/Target Support Files/Pods-LTADva/Pods-LTADva-frameworks-${CONFIGURATION}-output-files.xcfilelist",
			);
			runOnlyForDeploymentPostprocessing = 0;
			shellPath = /bin/sh;
			shellScript = "\"${PODS_ROOT}/Target Support Files/Pods-LTADva/Pods-LTADva-frameworks.sh\"\n";
			showEnvVarsInLog = 0;
		};
/* End PBXShellScriptBuildPhase section */

/* Begin PBXSourcesBuildPhase section */
		8D6961A522D871C900A39E8E /* Sources */ = {
			isa = PBXSourcesBuildPhase;
			buildActionMask = 2147483647;
			files = (
				8D6961AF22D871C900A39E8E /* MainViewController.swift in Sources */,
				8D6961AD22D871C900A39E8E /* AppDelegate.swift in Sources */,
				8D6961CB22D87F1600A39E8E /* RegisterViewController.swift in Sources */,
				8D6961D222D8A7DC00A39E8E /* StoryboardScenes.swift in Sources */,
			);
			runOnlyForDeploymentPostprocessing = 0;
		};
/* End PBXSourcesBuildPhase section */

/* Begin PBXVariantGroup section */
		8D6961B022D871C900A39E8E /* Main.storyboard */ = {
			isa = PBXVariantGroup;
			children = (
				8D6961B122D871C900A39E8E /* Base */,
			);
			name = Main.storyboard;
			sourceTree = "<group>";
		};
		8D6961B522D871CA00A39E8E /* LaunchScreen.storyboard */ = {
			isa = PBXVariantGroup;
			children = (
				8D6961B622D871CA00A39E8E /* Base */,
			);
			name = LaunchScreen.storyboard;
			sourceTree = "<group>";
		};
/* End PBXVariantGroup section */

/* Begin XCBuildConfiguration section */
		8D6961B922D871CA00A39E8E /* Debug */ = {
			isa = XCBuildConfiguration;
			buildSettings = {
				ALWAYS_SEARCH_USER_PATHS = NO;
				CLANG_ANALYZER_NONNULL = YES;
				CLANG_ANALYZER_NUMBER_OBJECT_CONVERSION = YES_AGGRESSIVE;
				CLANG_CXX_LANGUAGE_STANDARD = "gnu++14";
				CLANG_CXX_LIBRARY = "libc++";
				CLANG_ENABLE_MODULES = YES;
				CLANG_ENABLE_OBJC_ARC = YES;
				CLANG_ENABLE_OBJC_WEAK = YES;
				CLANG_WARN_BLOCK_CAPTURE_AUTORELEASING = YES;
				CLANG_WARN_BOOL_CONVERSION = YES;
				CLANG_WARN_COMMA = YES;
				CLANG_WARN_CONSTANT_CONVERSION = YES;
				CLANG_WARN_DEPRECATED_OBJC_IMPLEMENTATIONS = YES;
				CLANG_WARN_DIRECT_OBJC_ISA_USAGE = YES_ERROR;
				CLANG_WARN_DOCUMENTATION_COMMENTS = YES;
				CLANG_WARN_EMPTY_BODY = YES;
				CLANG_WARN_ENUM_CONVERSION = YES;
				CLANG_WARN_INFINITE_RECURSION = YES;
				CLANG_WARN_INT_CONVERSION = YES;
				CLANG_WARN_NON_LITERAL_NULL_CONVERSION = YES;
				CLANG_WARN_OBJC_IMPLICIT_RETAIN_SELF = YES;
				CLANG_WARN_OBJC_LITERAL_CONVERSION = YES;
				CLANG_WARN_OBJC_ROOT_CLASS = YES_ERROR;
				CLANG_WARN_RANGE_LOOP_ANALYSIS = YES;
				CLANG_WARN_STRICT_PROTOTYPES = YES;
				CLANG_WARN_SUSPICIOUS_MOVE = YES;
				CLANG_WARN_UNGUARDED_AVAILABILITY = YES_AGGRESSIVE;
				CLANG_WARN_UNREACHABLE_CODE = YES;
				CLANG_WARN__DUPLICATE_METHOD_MATCH = YES;
				CODE_SIGN_IDENTITY = "iPhone Developer";
				COPY_PHASE_STRIP = NO;
				DEBUG_INFORMATION_FORMAT = dwarf;
				ENABLE_STRICT_OBJC_MSGSEND = YES;
				ENABLE_TESTABILITY = YES;
				GCC_C_LANGUAGE_STANDARD = gnu11;
				GCC_DYNAMIC_NO_PIC = NO;
				GCC_NO_COMMON_BLOCKS = YES;
				GCC_OPTIMIZATION_LEVEL = 0;
				GCC_PREPROCESSOR_DEFINITIONS = (
					"DEBUG=1",
					"$(inherited)",
				);
				GCC_WARN_64_TO_32_BIT_CONVERSION = YES;
				GCC_WARN_ABOUT_RETURN_TYPE = YES_ERROR;
				GCC_WARN_UNDECLARED_SELECTOR = YES;
				GCC_WARN_UNINITIALIZED_AUTOS = YES_AGGRESSIVE;
				GCC_WARN_UNUSED_FUNCTION = YES;
				GCC_WARN_UNUSED_VARIABLE = YES;
				IPHONEOS_DEPLOYMENT_TARGET = 12.2;
				MTL_ENABLE_DEBUG_INFO = INCLUDE_SOURCE;
				MTL_FAST_MATH = YES;
				ONLY_ACTIVE_ARCH = YES;
				SDKROOT = iphoneos;
				SWIFT_ACTIVE_COMPILATION_CONDITIONS = DEBUG;
				SWIFT_OPTIMIZATION_LEVEL = "-Onone";
			};
			name = Debug;
		};
		8D6961BA22D871CA00A39E8E /* Release */ = {
			isa = XCBuildConfiguration;
			buildSettings = {
				ALWAYS_SEARCH_USER_PATHS = NO;
				CLANG_ANALYZER_NONNULL = YES;
				CLANG_ANALYZER_NUMBER_OBJECT_CONVERSION = YES_AGGRESSIVE;
				CLANG_CXX_LANGUAGE_STANDARD = "gnu++14";
				CLANG_CXX_LIBRARY = "libc++";
				CLANG_ENABLE_MODULES = YES;
				CLANG_ENABLE_OBJC_ARC = YES;
				CLANG_ENABLE_OBJC_WEAK = YES;
				CLANG_WARN_BLOCK_CAPTURE_AUTORELEASING = YES;
				CLANG_WARN_BOOL_CONVERSION = YES;
				CLANG_WARN_COMMA = YES;
				CLANG_WARN_CONSTANT_CONVERSION = YES;
				CLANG_WARN_DEPRECATED_OBJC_IMPLEMENTATIONS = YES;
				CLANG_WARN_DIRECT_OBJC_ISA_USAGE = YES_ERROR;
				CLANG_WARN_DOCUMENTATION_COMMENTS = YES;
				CLANG_WARN_EMPTY_BODY = YES;
				CLANG_WARN_ENUM_CONVERSION = YES;
				CLANG_WARN_INFINITE_RECURSION = YES;
				CLANG_WARN_INT_CONVERSION = YES;
				CLANG_WARN_NON_LITERAL_NULL_CONVERSION = YES;
				CLANG_WARN_OBJC_IMPLICIT_RETAIN_SELF = YES;
				CLANG_WARN_OBJC_LITERAL_CONVERSION = YES;
				CLANG_WARN_OBJC_ROOT_CLASS = YES_ERROR;
				CLANG_WARN_RANGE_LOOP_ANALYSIS = YES;
				CLANG_WARN_STRICT_PROTOTYPES = YES;
				CLANG_WARN_SUSPICIOUS_MOVE = YES;
				CLANG_WARN_UNGUARDED_AVAILABILITY = YES_AGGRESSIVE;
				CLANG_WARN_UNREACHABLE_CODE = YES;
				CLANG_WARN__DUPLICATE_METHOD_MATCH = YES;
				CODE_SIGN_IDENTITY = "iPhone Developer";
				COPY_PHASE_STRIP = NO;
				DEBUG_INFORMATION_FORMAT = "dwarf-with-dsym";
				ENABLE_NS_ASSERTIONS = NO;
				ENABLE_STRICT_OBJC_MSGSEND = YES;
				GCC_C_LANGUAGE_STANDARD = gnu11;
				GCC_NO_COMMON_BLOCKS = YES;
				GCC_WARN_64_TO_32_BIT_CONVERSION = YES;
				GCC_WARN_ABOUT_RETURN_TYPE = YES_ERROR;
				GCC_WARN_UNDECLARED_SELECTOR = YES;
				GCC_WARN_UNINITIALIZED_AUTOS = YES_AGGRESSIVE;
				GCC_WARN_UNUSED_FUNCTION = YES;
				GCC_WARN_UNUSED_VARIABLE = YES;
				IPHONEOS_DEPLOYMENT_TARGET = 12.2;
				MTL_ENABLE_DEBUG_INFO = NO;
				MTL_FAST_MATH = YES;
				SDKROOT = iphoneos;
				SWIFT_COMPILATION_MODE = wholemodule;
				SWIFT_OPTIMIZATION_LEVEL = "-O";
				VALIDATE_PRODUCT = YES;
			};
			name = Release;
		};
		8D6961BC22D871CA00A39E8E /* Debug */ = {
			isa = XCBuildConfiguration;
			baseConfigurationReference = 5364B00FF81726C575FB0C47 /* Pods-LTADva.debug.xcconfig */;
			buildSettings = {
				ASSETCATALOG_COMPILER_APPICON_NAME = AppIcon;
				CODE_SIGN_STYLE = Automatic;
				INFOPLIST_FILE = "$(SRCROOT)/LTADva/Assets/Info.plist";
				LD_RUNPATH_SEARCH_PATHS = (
					"$(inherited)",
					"@executable_path/Frameworks",
				);
				PRODUCT_BUNDLE_IDENTIFIER = com.zesium.LTADva;
				PRODUCT_NAME = "$(TARGET_NAME)";
				SWIFT_VERSION = 5.0;
				TARGETED_DEVICE_FAMILY = "1,2";
			};
			name = Debug;
		};
		8D6961BD22D871CA00A39E8E /* Release */ = {
			isa = XCBuildConfiguration;
			baseConfigurationReference = 59914B8B3BB298823D80A9F3 /* Pods-LTADva.release.xcconfig */;
			buildSettings = {
				ASSETCATALOG_COMPILER_APPICON_NAME = AppIcon;
				CODE_SIGN_STYLE = Automatic;
				INFOPLIST_FILE = "$(SRCROOT)/LTADva/Assets/Info.plist";
				LD_RUNPATH_SEARCH_PATHS = (
					"$(inherited)",
					"@executable_path/Frameworks",
				);
				PRODUCT_BUNDLE_IDENTIFIER = com.zesium.LTADva;
				PRODUCT_NAME = "$(TARGET_NAME)";
				SWIFT_VERSION = 5.0;
				TARGETED_DEVICE_FAMILY = "1,2";
			};
			name = Release;
		};
/* End XCBuildConfiguration section */

/* Begin XCConfigurationList section */
		8D6961A422D871C900A39E8E /* Build configuration list for PBXProject "LTADva" */ = {
			isa = XCConfigurationList;
			buildConfigurations = (
				8D6961B922D871CA00A39E8E /* Debug */,
				8D6961BA22D871CA00A39E8E /* Release */,
			);
			defaultConfigurationIsVisible = 0;
			defaultConfigurationName = Release;
		};
		8D6961BB22D871CA00A39E8E /* Build configuration list for PBXNativeTarget "LTADva" */ = {
			isa = XCConfigurationList;
			buildConfigurations = (
				8D6961BC22D871CA00A39E8E /* Debug */,
				8D6961BD22D871CA00A39E8E /* Release */,
			);
			defaultConfigurationIsVisible = 0;
			defaultConfigurationName = Release;
		};
/* End XCConfigurationList section */
	};
	rootObject = 8D6961A122D871C900A39E8E /* Project object */;
}
